
Microsoft Visual Studio Solution File, Format Version 12.00
# Visual Studio Version 17
VisualStudioVersion = 17.11.35219.272
MinimumVisualStudioVersion = 10.0.40219.1
Project("{9A19103F-16F7-4668-BE54-9A1E7A4F7556}") = "TuyenDungCoreApp", "TuyenDungCoreApp\TuyenDungCoreApp.csproj", "{F372A308-5D2F-407A-8FDD-FF854374ABCA}"
EndProject
Project("{9A19103F-16F7-4668-BE54-9A1E7A4F7556}") = "TuyenDungModel", "TuyenDungModel\TuyenDungModel.csproj", "{897C7BC5-1A69-4692-B4D7-BF9029529724}"
EndProject
Project("{2150E333-8FDC-42A3-9474-1A3956D46DE8}") = "Solution Items", "Solution Items", "{3BDEF203-828C-4A6F-8A32-7B44A24690F0}"
	ProjectSection(SolutionItems) = preProject
		README.txt = README.txt
	EndProjectSection
EndProject
Project("{FAE04EC0-301F-11D3-BF4B-00C04F79EFBC}") = "TuyenDungWebsite", "TuyenDungWebsite\TuyenDungWebsite.csproj", "{255D89DD-4E0C-4FF4-8515-C14ABB1BA129}"
EndProject
Global
	GlobalSection(SolutionConfigurationPlatforms) = preSolution
		Debug|Any CPU = Debug|Any CPU
		Release|Any CPU = Release|Any CPU
	EndGlobalSection
	GlobalSection(ProjectConfigurationPlatforms) = postSolution
		{F372A308-5D2F-407A-8FDD-FF854374ABCA}.Debug|Any CPU.ActiveCfg = Debug|Any CPU
		{F372A308-5D2F-407A-8FDD-FF854374ABCA}.Debug|Any CPU.Build.0 = Debug|Any CPU
		{F372A308-5D2F-407A-8FDD-FF854374ABCA}.Release|Any CPU.ActiveCfg = Release|Any CPU
		{F372A308-5D2F-407A-8FDD-FF854374ABCA}.Release|Any CPU.Build.0 = Release|Any CPU
		{897C7BC5-1A69-4692-B4D7-BF9029529724}.Debug|Any CPU.ActiveCfg = Debug|Any CPU
		{897C7BC5-1A69-4692-B4D7-BF9029529724}.Debug|Any CPU.Build.0 = Debug|Any CPU
		{897C7BC5-1A69-4692-B4D7-BF9029529724}.Release|Any CPU.ActiveCfg = Release|Any CPU
		{897C7BC5-1A69-4692-B4D7-BF9029529724}.Release|Any CPU.Build.0 = Release|Any CPU
		{255D89DD-4E0C-4FF4-8515-C14ABB1BA129}.Debug|Any CPU.ActiveCfg = Debug|Any CPU
		{255D89DD-4E0C-4FF4-8515-C14ABB1BA129}.Debug|Any CPU.Build.0 = Debug|Any CPU
		{255D89DD-4E0C-4FF4-8515-C14ABB1BA129}.Release|Any CPU.ActiveCfg = Release|Any CPU
		{255D89DD-4E0C-4FF4-8515-C14ABB1BA129}.Release|Any CPU.Build.0 = Release|Any CPU
	EndGlobalSection
	GlobalSection(SolutionProperties) = preSolution
		HideSolutionNode = FALSE
	EndGlobalSection
	GlobalSection(ExtensibilityGlobals) = postSolution
		SolutionGuid = {896622B1-7C4B-418D-9DC0-40AF20C2637F}
	EndGlobalSection
EndGlobal
